
Microsoft Visual Studio Solution File, Format Version 12.00
# Visual Studio Version 17
VisualStudioVersion = 17.9.34701.34
MinimumVisualStudioVersion = 10.0.40219.1
Project("{FAE04EC0-301F-11D3-BF4B-00C04F79EFBC}") = "xfaktor", "xfaktor\xfaktor.csproj", "{A3F15BB1-1912-463D-93C9-4F3B9511B728}"
EndProject
Global
	GlobalSection(SolutionConfigurationPlatforms) = preSolution
		Debug|Any CPU = Debug|Any CPU
		Release|Any CPU = Release|Any CPU
	EndGlobalSection
	GlobalSection(ProjectConfigurationPlatforms) = postSolution
		{A3F15BB1-1912-463D-93C9-4F3B9511B728}.Debug|Any CPU.ActiveCfg = Debug|Any CPU
		{A3F15BB1-1912-463D-93C9-4F3B9511B728}.Debug|Any CPU.Build.0 = Debug|Any CPU
		{A3F15BB1-1912-463D-93C9-4F3B9511B728}.Release|Any CPU.ActiveCfg = Release|Any CPU
		{A3F15BB1-1912-463D-93C9-4F3B9511B728}.Release|Any CPU.Build.0 = Release|Any CPU
	EndGlobalSection
	GlobalSection(SolutionProperties) = preSolution
		HideSolutionNode = FALSE
	EndGlobalSection
	GlobalSection(ExtensibilityGlobals) = postSolution
		SolutionGuid = {7F28733D-479A-4F89-9657-7B350C3BE6F3}
	EndGlobalSection
EndGlobal
